
Microsoft Visual Studio Solution File, Format Version 12.00
# Visual Studio Version 16
VisualStudioVersion = 16.0.30002.166
MinimumVisualStudioVersion = 10.0.40219.1
Project("{FAE04EC0-301F-11D3-BF4B-00C04F79EFBC}") = "PROG-SYS", "PROG-SYS.csproj", "{3375F9FF-34B7-4BCD-9DA3-A03BD0A9F8D4}"
EndProject
Global
	GlobalSection(SolutionConfigurationPlatforms) = preSolution
		Debug|Any CPU = Debug|Any CPU
		Release|Any CPU = Release|Any CPU
	EndGlobalSection
	GlobalSection(ProjectConfigurationPlatforms) = postSolution
		{3375F9FF-34B7-4BCD-9DA3-A03BD0A9F8D4}.Debug|Any CPU.ActiveCfg = Debug|Any CPU
		{3375F9FF-34B7-4BCD-9DA3-A03BD0A9F8D4}.Debug|Any CPU.Build.0 = Debug|Any CPU
		{3375F9FF-34B7-4BCD-9DA3-A03BD0A9F8D4}.Release|Any CPU.ActiveCfg = Release|Any CPU
		{3375F9FF-34B7-4BCD-9DA3-A03BD0A9F8D4}.Release|Any CPU.Build.0 = Release|Any CPU
	EndGlobalSection
	GlobalSection(SolutionProperties) = preSolution
		HideSolutionNode = FALSE
	EndGlobalSection
	GlobalSection(ExtensibilityGlobals) = postSolution
		SolutionGuid = {8806419C-7BB4-451A-8390-EC4640755463}
	EndGlobalSection
EndGlobal
